{
  "version": 4,
  "terraform_version": "1.0.8",
  "serial": 68,
  "lineage": "a74c4717-4463-82ef-6a39-8b7275711f1a",
  "outputs": {
    "public_ip": {
      "value": [
        "3.145.187.38"
      ],
      "type": [
        "tuple",
        [
          "string"
        ]
      ]
    }
  },
  "resources": [
    {
      "mode": "data",
      "type": "template_file",
      "name": "user_data",
      "provider": "provider[\"registry.terraform.io/hashicorp/template\"]",
      "instances": [
        {
          "schema_version": 0,
          "attributes": {
            "filename": null,
            "id": "3b2e0e27a41e60e701559bb87c4dc6b6afc179cd35cdc6d17a901b873d948dce",
            "rendered": "#cloud-config\r\n# Add groups to the system\r\n# Adds the ubuntu group with members 'root' and 'sys'\r\n# and the empty group hashicorp.\r\ngroups:\r\n  - ubuntu: [root,sys]\r\n  - hashicorp\r\n\r\n# Add users to the system. Users are added after groups are added.\r\nusers:\r\n  - default\r\n  - name: deploy\r\n    gecos: deploy\r\n    shell: /bin/bash\r\n    primary_group: hashicorp\r\n    sudo: ALL=(ALL) NOPASSWD:ALL\r\n    groups: users, admin\r\n    lock_passwd: false\r\n    ssh_authorized_keys:\r\n      - ssh-rsa AAAAB3NzaC1yc2EAAAADAQABAAACAQDaNsxW2ZegSyvMsielOWrbZIGTzvXrqTFEUxwG99qnrAniyyOh4mv5LNuaRmmNFgwAUi+dHIWEYzht7BpTldJul58v6zXxA1IPGGYb28iO+gPESg/pyZINYzQnjrBs5hxwkiA3MmbKgIuJ80y6sZyRQlaHKK7LT99kJExeDp/frBFYNabqnk+v9vFmIRFRP6oAkvvZ+37HNdUlC7yL06i1ypWrzQe2nYRLVFso4kFjmKhcBAITjy4mxXMce7SA2xbONEOaS6PEAod1E2oYzVsT3T5isGjTLug+iV4NpvjHh22zSNqf7S4nOxV6p6EH+QmXT73R4VXnbgSmXDrQ8CtFU8cHd8EUfdvt20V3sMEIfKwAaaxO1COO+U+VRmt4hZ/xpo+ftzVTgbc7KM0CZsXYM5ACYCV7RC+8jHY3/3c/5fyZFBiHfY259ue/hr9iBJ25ZwNh285wJF0qen8Brmp558+mgOtFaSP+Rd5vs9HJuIppUoNzMQBzcXOJVgfjfwGGoYPx/jkUorjIPC2j6JzE7nJBZHuBS3YKDwEkSiO10iKHT2i6A3sxKgelKApk8Gq7v2BABm5AwV1RZ5VyU1Bk6pcNchfAo7qZfC45mGyDZ/8bagN+isgZzg2VnXUnB/RABgXxGiOAEs8/1oQqOedb6YbTv/uqAmAYFND0j3aXiw== Maxence CROSSE@AsusByMcarre\r\n\r\n# Downloads the python package\r\npackages:\r\n  - python3\r\n\r\n# Sets the GOPATH \u0026 downloads the demo payload\r\nruncmd:\r\n  - sudo yum install python3 -y\r\n  - sudo su deploy\r\n  - sudo mkdir /home/deploy/python\r\n  - sudo chown deploy:hashicorp /home/deploy/python\r\n  - export PYTHONPATH=/home/deploy/python\r\n",
            "template": "#cloud-config\r\n# Add groups to the system\r\n# Adds the ubuntu group with members 'root' and 'sys'\r\n# and the empty group hashicorp.\r\ngroups:\r\n  - ubuntu: [root,sys]\r\n  - hashicorp\r\n\r\n# Add users to the system. Users are added after groups are added.\r\nusers:\r\n  - default\r\n  - name: deploy\r\n    gecos: deploy\r\n    shell: /bin/bash\r\n    primary_group: hashicorp\r\n    sudo: ALL=(ALL) NOPASSWD:ALL\r\n    groups: users, admin\r\n    lock_passwd: false\r\n    ssh_authorized_keys:\r\n      - ssh-rsa AAAAB3NzaC1yc2EAAAADAQABAAACAQDaNsxW2ZegSyvMsielOWrbZIGTzvXrqTFEUxwG99qnrAniyyOh4mv5LNuaRmmNFgwAUi+dHIWEYzht7BpTldJul58v6zXxA1IPGGYb28iO+gPESg/pyZINYzQnjrBs5hxwkiA3MmbKgIuJ80y6sZyRQlaHKK7LT99kJExeDp/frBFYNabqnk+v9vFmIRFRP6oAkvvZ+37HNdUlC7yL06i1ypWrzQe2nYRLVFso4kFjmKhcBAITjy4mxXMce7SA2xbONEOaS6PEAod1E2oYzVsT3T5isGjTLug+iV4NpvjHh22zSNqf7S4nOxV6p6EH+QmXT73R4VXnbgSmXDrQ8CtFU8cHd8EUfdvt20V3sMEIfKwAaaxO1COO+U+VRmt4hZ/xpo+ftzVTgbc7KM0CZsXYM5ACYCV7RC+8jHY3/3c/5fyZFBiHfY259ue/hr9iBJ25ZwNh285wJF0qen8Brmp558+mgOtFaSP+Rd5vs9HJuIppUoNzMQBzcXOJVgfjfwGGoYPx/jkUorjIPC2j6JzE7nJBZHuBS3YKDwEkSiO10iKHT2i6A3sxKgelKApk8Gq7v2BABm5AwV1RZ5VyU1Bk6pcNchfAo7qZfC45mGyDZ/8bagN+isgZzg2VnXUnB/RABgXxGiOAEs8/1oQqOedb6YbTv/uqAmAYFND0j3aXiw== Maxence CROSSE@AsusByMcarre\r\n\r\n# Downloads the python package\r\npackages:\r\n  - python3\r\n\r\n# Sets the GOPATH \u0026 downloads the demo payload\r\nruncmd:\r\n  - sudo yum install python3 -y\r\n  - sudo su deploy\r\n  - sudo mkdir /home/deploy/python\r\n  - sudo chown deploy:hashicorp /home/deploy/python\r\n  - export PYTHONPATH=/home/deploy/python\r\n",
            "vars": null
          },
          "sensitive_attributes": []
        }
      ]
    },
    {
      "mode": "managed",
      "type": "aws_instance",
      "name": "app_instance",
      "provider": "provider[\"registry.terraform.io/hashicorp/aws\"]",
      "instances": [
        {
          "index_key": 0,
          "schema_version": 1,
          "attributes": {
            "ami": "ami-0d97ef13c06b05a19",
            "arn": "arn:aws:ec2:us-east-2:909408495248:instance/i-087b74e63699824e5",
            "associate_public_ip_address": true,
            "availability_zone": "us-east-2b",
            "capacity_reservation_specification": [
              {
                "capacity_reservation_preference": "open",
                "capacity_reservation_target": []
              }
            ],
            "cpu_core_count": 1,
            "cpu_threads_per_core": 1,
            "credit_specification": [
              {
                "cpu_credits": "standard"
              }
            ],
            "disable_api_termination": false,
            "ebs_block_device": [],
            "ebs_optimized": false,
            "enclave_options": [
              {
                "enabled": false
              }
            ],
            "ephemeral_block_device": [],
            "get_password_data": false,
            "hibernation": false,
            "host_id": null,
            "iam_instance_profile": "",
            "id": "i-087b74e63699824e5",
            "instance_initiated_shutdown_behavior": "stop",
            "instance_state": "running",
            "instance_type": "t2.micro",
            "ipv6_address_count": 0,
            "ipv6_addresses": [],
            "key_name": "ssh_key_maxence",
            "launch_template": [],
            "metadata_options": [
              {
                "http_endpoint": "enabled",
                "http_put_response_hop_limit": 1,
                "http_tokens": "optional"
              }
            ],
            "monitoring": false,
            "network_interface": [],
            "outpost_arn": "",
            "password_data": "",
            "placement_group": "",
            "placement_partition_number": null,
            "primary_network_interface_id": "eni-0f32b53f757c6b1a3",
            "private_dns": "ip-172-31-16-52.us-east-2.compute.internal",
            "private_ip": "172.31.16.52",
            "public_dns": "ec2-3-145-187-38.us-east-2.compute.amazonaws.com",
            "public_ip": "3.145.187.38",
            "root_block_device": [
              {
                "delete_on_termination": true,
                "device_name": "/dev/sda1",
                "encrypted": false,
                "iops": 100,
                "kms_key_id": "",
                "tags": {},
                "throughput": 0,
                "volume_id": "vol-06929d3c5b6822c15",
                "volume_size": 10,
                "volume_type": "gp2"
              }
            ],
            "secondary_private_ips": [],
            "security_groups": [
              "allow_ssh"
            ],
            "source_dest_check": true,
            "subnet_id": "subnet-550bc128",
            "tags": {
              "Environment": "dev",
              "Groups": "app",
              "Name": "dev-Maxence-0",
              "Owner": "maxence.crosse@ynov.com"
            },
            "tags_all": {
              "Environment": "dev",
              "Groups": "app",
              "Name": "dev-Maxence-0",
              "Owner": "maxence.crosse@ynov.com"
            },
            "tenancy": "default",
            "timeouts": null,
            "user_data": "8f27f91b350c6e8cffdefbfb6f656c61cd484ede",
            "user_data_base64": null,
            "volume_tags": null,
            "vpc_security_group_ids": [
              "sg-0c6d84205d3521fdb"
            ]
          },
          "sensitive_attributes": [],
          "private": "eyJlMmJmYjczMC1lY2FhLTExZTYtOGY4OC0zNDM2M2JjN2M0YzAiOnsiY3JlYXRlIjo2MDAwMDAwMDAwMDAsImRlbGV0ZSI6MTIwMDAwMDAwMDAwMCwidXBkYXRlIjo2MDAwMDAwMDAwMDB9LCJzY2hlbWFfdmVyc2lvbiI6IjEifQ==",
          "dependencies": [
            "aws_security_group.allow_ssh",
            "data.template_file.user_data"
          ]
        }
      ]
    },
    {
      "mode": "managed",
      "type": "aws_key_pair",
      "name": "ssh_key_maxence",
      "provider": "provider[\"registry.terraform.io/hashicorp/aws\"]",
      "instances": [
        {
          "schema_version": 1,
          "attributes": {
            "arn": "arn:aws:ec2:us-east-2:909408495248:key-pair/ssh_key_maxence",
            "fingerprint": "78:96:96:84:d9:fa:68:ea:d3:61:a5:34:55:bb:9b:36",
            "id": "ssh_key_maxence",
            "key_name": "ssh_key_maxence",
            "key_name_prefix": "",
            "key_pair_id": "key-06816629afee1700b",
            "public_key": "ssh-rsa AAAAB3NzaC1yc2EAAAADAQABAAACAQDaNsxW2ZegSyvMsielOWrbZIGTzvXrqTFEUxwG99qnrAniyyOh4mv5LNuaRmmNFgwAUi+dHIWEYzht7BpTldJul58v6zXxA1IPGGYb28iO+gPESg/pyZINYzQnjrBs5hxwkiA3MmbKgIuJ80y6sZyRQlaHKK7LT99kJExeDp/frBFYNabqnk+v9vFmIRFRP6oAkvvZ+37HNdUlC7yL06i1ypWrzQe2nYRLVFso4kFjmKhcBAITjy4mxXMce7SA2xbONEOaS6PEAod1E2oYzVsT3T5isGjTLug+iV4NpvjHh22zSNqf7S4nOxV6p6EH+QmXT73R4VXnbgSmXDrQ8CtFU8cHd8EUfdvt20V3sMEIfKwAaaxO1COO+U+VRmt4hZ/xpo+ftzVTgbc7KM0CZsXYM5ACYCV7RC+8jHY3/3c/5fyZFBiHfY259ue/hr9iBJ25ZwNh285wJF0qen8Brmp558+mgOtFaSP+Rd5vs9HJuIppUoNzMQBzcXOJVgfjfwGGoYPx/jkUorjIPC2j6JzE7nJBZHuBS3YKDwEkSiO10iKHT2i6A3sxKgelKApk8Gq7v2BABm5AwV1RZ5VyU1Bk6pcNchfAo7qZfC45mGyDZ/8bagN+isgZzg2VnXUnB/RABgXxGiOAEs8/1oQqOedb6YbTv/uqAmAYFND0j3aXiw== Maxence CROSSE@AsusByMcarre",
            "tags": {},
            "tags_all": {}
          },
          "sensitive_attributes": [],
          "private": "eyJzY2hlbWFfdmVyc2lvbiI6IjEifQ=="
        }
      ]
    },
    {
      "mode": "managed",
      "type": "aws_security_group",
      "name": "allow_ssh",
      "provider": "provider[\"registry.terraform.io/hashicorp/aws\"]",
      "instances": [
        {
          "schema_version": 1,
          "attributes": {
            "arn": "arn:aws:ec2:us-east-2:909408495248:security-group/sg-0c6d84205d3521fdb",
            "description": "Allow ssh inbound traffic",
            "egress": [
              {
                "cidr_blocks": [
                  "0.0.0.0/0"
                ],
                "description": "",
                "from_port": 0,
                "ipv6_cidr_blocks": [],
                "prefix_list_ids": [],
                "protocol": "-1",
                "security_groups": [],
                "self": false,
                "to_port": 0
              }
            ],
            "id": "sg-0c6d84205d3521fdb",
            "ingress": [
              {
                "cidr_blocks": [
                  "0.0.0.0/0"
                ],
                "description": "",
                "from_port": 22,
                "ipv6_cidr_blocks": [],
                "prefix_list_ids": [],
                "protocol": "tcp",
                "security_groups": [],
                "self": false,
                "to_port": 22
              },
              {
                "cidr_blocks": [
                  "0.0.0.0/0"
                ],
                "description": "",
                "from_port": 8080,
                "ipv6_cidr_blocks": [],
                "prefix_list_ids": [],
                "protocol": "tcp",
                "security_groups": [],
                "self": false,
                "to_port": 8080
              }
            ],
            "name": "allow_ssh",
            "name_prefix": "",
            "owner_id": "909408495248",
            "revoke_rules_on_delete": false,
            "tags": {
              "Name": "allow_tls"
            },
            "tags_all": {
              "Name": "allow_tls"
            },
            "timeouts": null,
            "vpc_id": "vpc-a00c78cb"
          },
          "sensitive_attributes": [],
          "private": "eyJlMmJmYjczMC1lY2FhLTExZTYtOGY4OC0zNDM2M2JjN2M0YzAiOnsiY3JlYXRlIjo2MDAwMDAwMDAwMDAsImRlbGV0ZSI6OTAwMDAwMDAwMDAwfSwic2NoZW1hX3ZlcnNpb24iOiIxIn0="
        }
      ]
    }
  ]
}
